
Microsoft Visual Studio Solution File, Format Version 12.00
# Visual Studio Version 16
VisualStudioVersion = 16.0.31019.35
MinimumVisualStudioVersion = 10.0.40219.1
Project("{FAE04EC0-301F-11D3-BF4B-00C04F79EFBC}") = "FoodPlanner.Commands", "FoodPlanner.Commands\FoodPlanner.Commands.csproj", "{BBF17E5D-D39E-41D2-9D0C-FCED5292EF08}"
EndProject
Project("{FAE04EC0-301F-11D3-BF4B-00C04F79EFBC}") = "FoodPlanner.Domain", "FoodPlanner.Domain\FoodPlanner.Domain.csproj", "{3E691183-9C9D-4B31-989B-61E7D58B0188}"
EndProject
Global
	GlobalSection(SolutionConfigurationPlatforms) = preSolution
		Debug|Any CPU = Debug|Any CPU
		Release|Any CPU = Release|Any CPU
	EndGlobalSection
	GlobalSection(ProjectConfigurationPlatforms) = postSolution
		{BBF17E5D-D39E-41D2-9D0C-FCED5292EF08}.Debug|Any CPU.ActiveCfg = Debug|Any CPU
		{BBF17E5D-D39E-41D2-9D0C-FCED5292EF08}.Debug|Any CPU.Build.0 = Debug|Any CPU
		{BBF17E5D-D39E-41D2-9D0C-FCED5292EF08}.Release|Any CPU.ActiveCfg = Release|Any CPU
		{BBF17E5D-D39E-41D2-9D0C-FCED5292EF08}.Release|Any CPU.Build.0 = Release|Any CPU
		{3E691183-9C9D-4B31-989B-61E7D58B0188}.Debug|Any CPU.ActiveCfg = Debug|Any CPU
		{3E691183-9C9D-4B31-989B-61E7D58B0188}.Debug|Any CPU.Build.0 = Debug|Any CPU
		{3E691183-9C9D-4B31-989B-61E7D58B0188}.Release|Any CPU.ActiveCfg = Release|Any CPU
		{3E691183-9C9D-4B31-989B-61E7D58B0188}.Release|Any CPU.Build.0 = Release|Any CPU
	EndGlobalSection
	GlobalSection(SolutionProperties) = preSolution
		HideSolutionNode = FALSE
	EndGlobalSection
	GlobalSection(ExtensibilityGlobals) = postSolution
		SolutionGuid = {4B1AF1E2-30E2-4244-995B-01687DE9743B}
	EndGlobalSection
EndGlobal
