
Microsoft Visual Studio Solution File, Format Version 12.00
# Visual Studio Version 16
VisualStudioVersion = 16.0.31019.35
MinimumVisualStudioVersion = 10.0.40219.1
Project("{9A19103F-16F7-4668-BE54-9A1E7A4F7556}") = "Recipes.Interactors.Commands", "Recipes.Interactors.Commands\Recipes.Interactors.Commands.csproj", "{A22A53BD-D277-4921-814F-4F1B4663963E}"
EndProject
Project("{9A19103F-16F7-4668-BE54-9A1E7A4F7556}") = "Recipes.Interactors.Core", "Recipes.Interactors.Core\Recipes.Interactors.Core.csproj", "{F96D55B5-C617-497E-A975-AC6C7C752652}"
EndProject
Global
	GlobalSection(SolutionConfigurationPlatforms) = preSolution
		Debug|Any CPU = Debug|Any CPU
		Release|Any CPU = Release|Any CPU
	EndGlobalSection
	GlobalSection(ProjectConfigurationPlatforms) = postSolution
		{A22A53BD-D277-4921-814F-4F1B4663963E}.Debug|Any CPU.ActiveCfg = Debug|Any CPU
		{A22A53BD-D277-4921-814F-4F1B4663963E}.Debug|Any CPU.Build.0 = Debug|Any CPU
		{A22A53BD-D277-4921-814F-4F1B4663963E}.Release|Any CPU.ActiveCfg = Release|Any CPU
		{A22A53BD-D277-4921-814F-4F1B4663963E}.Release|Any CPU.Build.0 = Release|Any CPU
		{F96D55B5-C617-497E-A975-AC6C7C752652}.Debug|Any CPU.ActiveCfg = Debug|Any CPU
		{F96D55B5-C617-497E-A975-AC6C7C752652}.Debug|Any CPU.Build.0 = Debug|Any CPU
		{F96D55B5-C617-497E-A975-AC6C7C752652}.Release|Any CPU.ActiveCfg = Release|Any CPU
		{F96D55B5-C617-497E-A975-AC6C7C752652}.Release|Any CPU.Build.0 = Release|Any CPU
	EndGlobalSection
	GlobalSection(SolutionProperties) = preSolution
		HideSolutionNode = FALSE
	EndGlobalSection
	GlobalSection(ExtensibilityGlobals) = postSolution
		SolutionGuid = {4B1AF1E2-30E2-4244-995B-01687DE9743B}
	EndGlobalSection
EndGlobal
